
Microsoft Visual Studio Solution File, Format Version 12.00
# Visual Studio Version 17
VisualStudioVersion = 17.1.32210.238
MinimumVisualStudioVersion = 10.0.40219.1
Project("{FAE04EC0-301F-11D3-BF4B-00C04F79EFBC}") = "Eureka", "Eureka\Eureka.csproj", "{A56FFA85-0384-40FD-AD8F-9396AA7CFA57}"
EndProject
Global
	GlobalSection(SolutionConfigurationPlatforms) = preSolution
		Debug|Any CPU = Debug|Any CPU
		Release|Any CPU = Release|Any CPU
	EndGlobalSection
	GlobalSection(ProjectConfigurationPlatforms) = postSolution
		{A56FFA85-0384-40FD-AD8F-9396AA7CFA57}.Debug|Any CPU.ActiveCfg = Debug|Any CPU
		{A56FFA85-0384-40FD-AD8F-9396AA7CFA57}.Debug|Any CPU.Build.0 = Debug|Any CPU
		{A56FFA85-0384-40FD-AD8F-9396AA7CFA57}.Release|Any CPU.ActiveCfg = Release|Any CPU
		{A56FFA85-0384-40FD-AD8F-9396AA7CFA57}.Release|Any CPU.Build.0 = Release|Any CPU
	EndGlobalSection
	GlobalSection(SolutionProperties) = preSolution
		HideSolutionNode = FALSE
	EndGlobalSection
	GlobalSection(ExtensibilityGlobals) = postSolution
		SolutionGuid = {355FC7B7-C2C6-4FC2-B7FA-33A08C5E2476}
	EndGlobalSection
EndGlobal
